
Microsoft Visual Studio Solution File, Format Version 12.00
# Visual Studio Version 17
VisualStudioVersion = 17.10.35027.167
MinimumVisualStudioVersion = 10.0.40219.1
Project("{9A19103F-16F7-4668-BE54-9A1E7A4F7556}") = "JobSearchingAI.Middleware", "JobSearchingAI.Middleware\JobSearchingAI.Middleware.csproj", "{D28102E5-315D-4D2A-91E4-D6B1636CF51C}"
EndProject
Project("{9A19103F-16F7-4668-BE54-9A1E7A4F7556}") = "JobSearchingAI.Application", "JobSearchingAI.Application\JobSearchingAI.Application.csproj", "{DC5F3F95-77F5-4469-B748-C00B6051823F}"
EndProject
Project("{9A19103F-16F7-4668-BE54-9A1E7A4F7556}") = "JobSearchingAI.Client", "JobSearchingAI.Client\JobSearchingAI.Client.csproj", "{DB3D0FBA-DE5B-4052-BA56-BA02BF6541E3}"
EndProject
Project("{9A19103F-16F7-4668-BE54-9A1E7A4F7556}") = "JobSearchingAI.Core", "JobSearchingAI.Core\JobSearchingAI.Core.csproj", "{08C22029-A8B8-4F61-ADF7-402F74BDB445}"
EndProject
Project("{9A19103F-16F7-4668-BE54-9A1E7A4F7556}") = "JobSearchingAI.Infraestructure", "JobSearchingAI.Infraestructure\JobSearchingAI.Infraestructure.csproj", "{4BF9D699-1E09-4343-B33C-A5654B5C1574}"
EndProject
Project("{9A19103F-16F7-4668-BE54-9A1E7A4F7556}") = "JobSearchingAI.Shared", "JobSearchingAI.Shared\JobSearchingAI.Shared.csproj", "{D529F827-E4F1-49E6-A868-4E44CE4622EE}"
EndProject
Project("{FAE04EC0-301F-11D3-BF4B-00C04F79EFBC}") = "JobSearchingAI.JobFetcher", "JobSearchingAI.JobFetcher\JobSearchingAI.JobFetcher.csproj", "{651C0317-0C87-43A7-BDCB-3DB178D2A7D5}"
EndProject
Global
	GlobalSection(SolutionConfigurationPlatforms) = preSolution
		Debug|Any CPU = Debug|Any CPU
		Release|Any CPU = Release|Any CPU
	EndGlobalSection
	GlobalSection(ProjectConfigurationPlatforms) = postSolution
		{D28102E5-315D-4D2A-91E4-D6B1636CF51C}.Debug|Any CPU.ActiveCfg = Debug|Any CPU
		{D28102E5-315D-4D2A-91E4-D6B1636CF51C}.Debug|Any CPU.Build.0 = Debug|Any CPU
		{D28102E5-315D-4D2A-91E4-D6B1636CF51C}.Release|Any CPU.ActiveCfg = Release|Any CPU
		{D28102E5-315D-4D2A-91E4-D6B1636CF51C}.Release|Any CPU.Build.0 = Release|Any CPU
		{DC5F3F95-77F5-4469-B748-C00B6051823F}.Debug|Any CPU.ActiveCfg = Debug|Any CPU
		{DC5F3F95-77F5-4469-B748-C00B6051823F}.Debug|Any CPU.Build.0 = Debug|Any CPU
		{DC5F3F95-77F5-4469-B748-C00B6051823F}.Release|Any CPU.ActiveCfg = Release|Any CPU
		{DC5F3F95-77F5-4469-B748-C00B6051823F}.Release|Any CPU.Build.0 = Release|Any CPU
		{DB3D0FBA-DE5B-4052-BA56-BA02BF6541E3}.Debug|Any CPU.ActiveCfg = Debug|Any CPU
		{DB3D0FBA-DE5B-4052-BA56-BA02BF6541E3}.Debug|Any CPU.Build.0 = Debug|Any CPU
		{DB3D0FBA-DE5B-4052-BA56-BA02BF6541E3}.Release|Any CPU.ActiveCfg = Release|Any CPU
		{DB3D0FBA-DE5B-4052-BA56-BA02BF6541E3}.Release|Any CPU.Build.0 = Release|Any CPU
		{08C22029-A8B8-4F61-ADF7-402F74BDB445}.Debug|Any CPU.ActiveCfg = Debug|Any CPU
		{08C22029-A8B8-4F61-ADF7-402F74BDB445}.Debug|Any CPU.Build.0 = Debug|Any CPU
		{08C22029-A8B8-4F61-ADF7-402F74BDB445}.Release|Any CPU.ActiveCfg = Release|Any CPU
		{08C22029-A8B8-4F61-ADF7-402F74BDB445}.Release|Any CPU.Build.0 = Release|Any CPU
		{4BF9D699-1E09-4343-B33C-A5654B5C1574}.Debug|Any CPU.ActiveCfg = Debug|Any CPU
		{4BF9D699-1E09-4343-B33C-A5654B5C1574}.Debug|Any CPU.Build.0 = Debug|Any CPU
		{4BF9D699-1E09-4343-B33C-A5654B5C1574}.Release|Any CPU.ActiveCfg = Release|Any CPU
		{4BF9D699-1E09-4343-B33C-A5654B5C1574}.Release|Any CPU.Build.0 = Release|Any CPU
		{D529F827-E4F1-49E6-A868-4E44CE4622EE}.Debug|Any CPU.ActiveCfg = Debug|Any CPU
		{D529F827-E4F1-49E6-A868-4E44CE4622EE}.Debug|Any CPU.Build.0 = Debug|Any CPU
		{D529F827-E4F1-49E6-A868-4E44CE4622EE}.Release|Any CPU.ActiveCfg = Release|Any CPU
		{D529F827-E4F1-49E6-A868-4E44CE4622EE}.Release|Any CPU.Build.0 = Release|Any CPU
		{651C0317-0C87-43A7-BDCB-3DB178D2A7D5}.Debug|Any CPU.ActiveCfg = Debug|Any CPU
		{651C0317-0C87-43A7-BDCB-3DB178D2A7D5}.Debug|Any CPU.Build.0 = Debug|Any CPU
		{651C0317-0C87-43A7-BDCB-3DB178D2A7D5}.Release|Any CPU.ActiveCfg = Release|Any CPU
		{651C0317-0C87-43A7-BDCB-3DB178D2A7D5}.Release|Any CPU.Build.0 = Release|Any CPU
	EndGlobalSection
	GlobalSection(SolutionProperties) = preSolution
		HideSolutionNode = FALSE
	EndGlobalSection
	GlobalSection(ExtensibilityGlobals) = postSolution
		SolutionGuid = {770FC15E-8708-4F03-AB21-3A97EC1022FB}
	EndGlobalSection
EndGlobal
