
Microsoft Visual Studio Solution File, Format Version 12.00
# Visual Studio Version 17
VisualStudioVersion = 17.10.35027.167
MinimumVisualStudioVersion = 10.0.40219.1
Project("{FAE04EC0-301F-11D3-BF4B-00C04F79EFBC}") = "JobSearchingAI.Middleware", "JobSearchingAI.Middleware\JobSearchingAI.Middleware.csproj", "{D28102E5-315D-4D2A-91E4-D6B1636CF51C}"
EndProject
Global
	GlobalSection(SolutionConfigurationPlatforms) = preSolution
		Debug|Any CPU = Debug|Any CPU
		Release|Any CPU = Release|Any CPU
	EndGlobalSection
	GlobalSection(ProjectConfigurationPlatforms) = postSolution
		{D28102E5-315D-4D2A-91E4-D6B1636CF51C}.Debug|Any CPU.ActiveCfg = Debug|Any CPU
		{D28102E5-315D-4D2A-91E4-D6B1636CF51C}.Debug|Any CPU.Build.0 = Debug|Any CPU
		{D28102E5-315D-4D2A-91E4-D6B1636CF51C}.Release|Any CPU.ActiveCfg = Release|Any CPU
		{D28102E5-315D-4D2A-91E4-D6B1636CF51C}.Release|Any CPU.Build.0 = Release|Any CPU
	EndGlobalSection
	GlobalSection(SolutionProperties) = preSolution
		HideSolutionNode = FALSE
	EndGlobalSection
	GlobalSection(ExtensibilityGlobals) = postSolution
		SolutionGuid = {770FC15E-8708-4F03-AB21-3A97EC1022FB}
	EndGlobalSection
EndGlobal
